{
    "_readme": [
        "This file locks the dependencies of your project to a known state",
        "Read more about it at https://getcomposer.org/doc/01-basic-usage.md#installing-dependencies",
        "This file is @generated automatically"
    ],
    "content-hash": "4bed836e9d110fa0a680f2ae4603b1a5",
    "packages": [],
    "packages-dev": [],
    "aliases": [],
    "minimum-stability": "RC",
    "stability-flags": [],
    "prefer-stable": false,
    "prefer-lowest": false,
    "platform": {
        "ext-curl": "*"
    },
    "platform-dev": [],
    "plugin-api-version": "2.1.0"
}
